
Microsoft Visual Studio Solution File, Format Version 12.00
Project("{FAE04EC0-301F-11D3-BF4B-00C04F79EFBC}") = "Excel", "Excel.csproj", "{07F7B0A3-CAC5-49FE-A657-58454008BA84}"
EndProject
Project("{FAE04EC0-301F-11D3-BF4B-00C04F79EFBC}") = "TestExcel", "Tests\TestExcel\TestExcel.csproj", "{2E234C98-B2E2-418A-94BC-F53382F59CDC}"
EndProject
Global
	GlobalSection(SolutionConfigurationPlatforms) = preSolution
		Debug|Any CPU = Debug|Any CPU
		Release|Any CPU = Release|Any CPU
	EndGlobalSection
	GlobalSection(ProjectConfigurationPlatforms) = postSolution
		{07F7B0A3-CAC5-49FE-A657-58454008BA84}.Debug|Any CPU.ActiveCfg = Debug|Any CPU
		{07F7B0A3-CAC5-49FE-A657-58454008BA84}.Debug|Any CPU.Build.0 = Debug|Any CPU
		{07F7B0A3-CAC5-49FE-A657-58454008BA84}.Release|Any CPU.ActiveCfg = Release|Any CPU
		{07F7B0A3-CAC5-49FE-A657-58454008BA84}.Release|Any CPU.Build.0 = Release|Any CPU
		{2E234C98-B2E2-418A-94BC-F53382F59CDC}.Debug|Any CPU.ActiveCfg = Debug|Any CPU
		{2E234C98-B2E2-418A-94BC-F53382F59CDC}.Debug|Any CPU.Build.0 = Debug|Any CPU
		{2E234C98-B2E2-418A-94BC-F53382F59CDC}.Release|Any CPU.ActiveCfg = Release|Any CPU
		{2E234C98-B2E2-418A-94BC-F53382F59CDC}.Release|Any CPU.Build.0 = Release|Any CPU
	EndGlobalSection
EndGlobal
